
Microsoft Visual Studio Solution File, Format Version 12.00
Project("{FAE04EC0-301F-11D3-BF4B-00C04F79EFBC}") = "MultiPlayerAR.Server", "MultiPlayerAR.Server\MultiPlayerAR.Server.csproj", "{DB351198-393B-45A3-BC6A-380DCEFA0A6D}"
EndProject
Project("{FAE04EC0-301F-11D3-BF4B-00C04F79EFBC}") = "MultiPlayerAR.Shared", "MultiPlayerAR.Shared\MultiPlayerAR.Shared.csproj", "{2FF08B19-3709-4CC3-B534-8032B150AE3A}"
EndProject
Global
	GlobalSection(SolutionConfigurationPlatforms) = preSolution
		Debug|Any CPU = Debug|Any CPU
		Release|Any CPU = Release|Any CPU
	EndGlobalSection
	GlobalSection(ProjectConfigurationPlatforms) = postSolution
		{DB351198-393B-45A3-BC6A-380DCEFA0A6D}.Debug|Any CPU.ActiveCfg = Debug|Any CPU
		{DB351198-393B-45A3-BC6A-380DCEFA0A6D}.Debug|Any CPU.Build.0 = Debug|Any CPU
		{DB351198-393B-45A3-BC6A-380DCEFA0A6D}.Release|Any CPU.ActiveCfg = Release|Any CPU
		{DB351198-393B-45A3-BC6A-380DCEFA0A6D}.Release|Any CPU.Build.0 = Release|Any CPU
		{2FF08B19-3709-4CC3-B534-8032B150AE3A}.Debug|Any CPU.ActiveCfg = Debug|Any CPU
		{2FF08B19-3709-4CC3-B534-8032B150AE3A}.Debug|Any CPU.Build.0 = Debug|Any CPU
		{2FF08B19-3709-4CC3-B534-8032B150AE3A}.Release|Any CPU.ActiveCfg = Release|Any CPU
		{2FF08B19-3709-4CC3-B534-8032B150AE3A}.Release|Any CPU.Build.0 = Release|Any CPU
	EndGlobalSection
EndGlobal
